// !$*UTF8*$!
{
	archiveVersion = 1;
	classes = {
	};
	objectVersion = 50;
	objects = {

/* Begin PBXBuildFile section */
		D18F92C325B746F900C1A63B /* AppDelegate.swift in Sources */ = {isa = PBXBuildFile; fileRef = D18F92C225B746F900C1A63B /* AppDelegate.swift */; };
		D18F92C525B746F900C1A63B /* SceneDelegate.swift in Sources */ = {isa = PBXBuildFile; fileRef = D18F92C425B746F900C1A63B /* SceneDelegate.swift */; };
		D18F92C725B746F900C1A63B /* ViewController.swift in Sources */ = {isa = PBXBuildFile; fileRef = D18F92C625B746F900C1A63B /* ViewController.swift */; };
		D18F92CA25B746F900C1A63B /* Main.storyboard in Resources */ = {isa = PBXBuildFile; fileRef = D18F92C825B746F900C1A63B /* Main.storyboard */; };
		D18F92CC25B746FC00C1A63B /* Assets.xcassets in Resources */ = {isa = PBXBuildFile; fileRef = D18F92CB25B746FC00C1A63B /* Assets.xcassets */; };
		D18F92CF25B746FC00C1A63B /* LaunchScreen.storyboard in Resources */ = {isa = PBXBuildFile; fileRef = D18F92CD25B746FC00C1A63B /* LaunchScreen.storyboard */; };
		D18F92DA25B746FC00C1A63B /* CoordinatorPatternAndDepedencyInjectionDemoTests.swift in Sources */ = {isa = PBXBuildFile; fileRef = D18F92D925B746FC00C1A63B /* CoordinatorPatternAndDepedencyInjectionDemoTests.swift */; };
		D18F92E525B746FC00C1A63B /* CoordinatorPatternAndDepedencyInjectionDemoUITests.swift in Sources */ = {isa = PBXBuildFile; fileRef = D18F92E425B746FC00C1A63B /* CoordinatorPatternAndDepedencyInjectionDemoUITests.swift */; };
		D18F92FB25B7491700C1A63B /* SocialLoginManager.swift in Sources */ = {isa = PBXBuildFile; fileRef = D18F92FA25B7491700C1A63B /* SocialLoginManager.swift */; };
		D18F930025B749F600C1A63B /* LoginViewController.swift in Sources */ = {isa = PBXBuildFile; fileRef = D18F92FF25B749F600C1A63B /* LoginViewController.swift */; };
		D18F930825B752AD00C1A63B /* MembershipLoginManager.swift in Sources */ = {isa = PBXBuildFile; fileRef = D18F930725B752AD00C1A63B /* MembershipLoginManager.swift */; };
		D18F931425B75C9C00C1A63B /* InputUserNameViewController.swift in Sources */ = {isa = PBXBuildFile; fileRef = D18F931325B75C9C00C1A63B /* InputUserNameViewController.swift */; };
		D18F931925B75F1D00C1A63B /* FlowViewController.swift in Sources */ = {isa = PBXBuildFile; fileRef = D18F931825B75F1D00C1A63B /* FlowViewController.swift */; };
		D18F932325B7634300C1A63B /* InputUserAddressViewController.swift in Sources */ = {isa = PBXBuildFile; fileRef = D18F932225B7634300C1A63B /* InputUserAddressViewController.swift */; };
		D18F933625B76D5600C1A63B /* VCIdLable.swift in Sources */ = {isa = PBXBuildFile; fileRef = D18F933525B76D5600C1A63B /* VCIdLable.swift */; };
		D18F934D25B7DA3300C1A63B /* User.swift in Sources */ = {isa = PBXBuildFile; fileRef = D18F934C25B7DA3300C1A63B /* User.swift */; };
		D18F935225B7DEF700C1A63B /* ProductViewController.swift in Sources */ = {isa = PBXBuildFile; fileRef = D18F935125B7DEF700C1A63B /* ProductViewController.swift */; };
		D18F935725B7F95000C1A63B /* SwitchVCButton.swift in Sources */ = {isa = PBXBuildFile; fileRef = D18F935625B7F95000C1A63B /* SwitchVCButton.swift */; };
		D18F936425B80A8700C1A63B /* PinkoiLoginManager.swift in Sources */ = {isa = PBXBuildFile; fileRef = D18F936325B80A8700C1A63B /* PinkoiLoginManager.swift */; };
		D18F936D25B80B2900C1A63B /* SocialMemberShip.swift in Sources */ = {isa = PBXBuildFile; fileRef = D18F936C25B80B2900C1A63B /* SocialMemberShip.swift */; };
		D18F937225B80B4600C1A63B /* PinkoiMemberShip.swift in Sources */ = {isa = PBXBuildFile; fileRef = D18F937125B80B4600C1A63B /* PinkoiMemberShip.swift */; };
		D18F937725B80B5800C1A63B /* EmailMemberShip.swift in Sources */ = {isa = PBXBuildFile; fileRef = D18F937625B80B5800C1A63B /* EmailMemberShip.swift */; };
		D18F937C25B80CAD00C1A63B /* MemebershipTransmitter.swift in Sources */ = {isa = PBXBuildFile; fileRef = D18F937B25B80CAD00C1A63B /* MemebershipTransmitter.swift */; };
		D18F938125B80F8B00C1A63B /* ProductVCViewModel.swift in Sources */ = {isa = PBXBuildFile; fileRef = D18F938025B80F8B00C1A63B /* ProductVCViewModel.swift */; };
/* End PBXBuildFile section */

/* Begin PBXContainerItemProxy section */
		D18F92D625B746FC00C1A63B /* PBXContainerItemProxy */ = {
			isa = PBXContainerItemProxy;
			containerPortal = D18F92B725B746F900C1A63B /* Project object */;
			proxyType = 1;
			remoteGlobalIDString = D18F92BE25B746F900C1A63B;
			remoteInfo = CoordinatorPatternAndDepedencyInjectionDemo;
		};
		D18F92E125B746FC00C1A63B /* PBXContainerItemProxy */ = {
			isa = PBXContainerItemProxy;
			containerPortal = D18F92B725B746F900C1A63B /* Project object */;
			proxyType = 1;
			remoteGlobalIDString = D18F92BE25B746F900C1A63B;
			remoteInfo = CoordinatorPatternAndDepedencyInjectionDemo;
		};
/* End PBXContainerItemProxy section */

/* Begin PBXFileReference section */
		D18F92BF25B746F900C1A63B /* CoordinatorPatternAndDepedencyInjectionDemo.app */ = {isa = PBXFileReference; explicitFileType = wrapper.application; includeInIndex = 0; path = CoordinatorPatternAndDepedencyInjectionDemo.app; sourceTree = BUILT_PRODUCTS_DIR; };
		D18F92C225B746F900C1A63B /* AppDelegate.swift */ = {isa = PBXFileReference; lastKnownFileType = sourcecode.swift; path = AppDelegate.swift; sourceTree = "<group>"; };
		D18F92C425B746F900C1A63B /* SceneDelegate.swift */ = {isa = PBXFileReference; lastKnownFileType = sourcecode.swift; path = SceneDelegate.swift; sourceTree = "<group>"; };
		D18F92C625B746F900C1A63B /* ViewController.swift */ = {isa = PBXFileReference; lastKnownFileType = sourcecode.swift; path = ViewController.swift; sourceTree = "<group>"; };
		D18F92C925B746F900C1A63B /* Base */ = {isa = PBXFileReference; lastKnownFileType = file.storyboard; name = Base; path = Base.lproj/Main.storyboard; sourceTree = "<group>"; };
		D18F92CB25B746FC00C1A63B /* Assets.xcassets */ = {isa = PBXFileReference; lastKnownFileType = folder.assetcatalog; path = Assets.xcassets; sourceTree = "<group>"; };
		D18F92CE25B746FC00C1A63B /* Base */ = {isa = PBXFileReference; lastKnownFileType = file.storyboard; name = Base; path = Base.lproj/LaunchScreen.storyboard; sourceTree = "<group>"; };
		D18F92D025B746FC00C1A63B /* Info.plist */ = {isa = PBXFileReference; lastKnownFileType = text.plist.xml; path = Info.plist; sourceTree = "<group>"; };
		D18F92D525B746FC00C1A63B /* CoordinatorPatternAndDepedencyInjectionDemoTests.xctest */ = {isa = PBXFileReference; explicitFileType = wrapper.cfbundle; includeInIndex = 0; path = CoordinatorPatternAndDepedencyInjectionDemoTests.xctest; sourceTree = BUILT_PRODUCTS_DIR; };
		D18F92D925B746FC00C1A63B /* CoordinatorPatternAndDepedencyInjectionDemoTests.swift */ = {isa = PBXFileReference; lastKnownFileType = sourcecode.swift; path = CoordinatorPatternAndDepedencyInjectionDemoTests.swift; sourceTree = "<group>"; };
		D18F92DB25B746FC00C1A63B /* Info.plist */ = {isa = PBXFileReference; lastKnownFileType = text.plist.xml; path = Info.plist; sourceTree = "<group>"; };
		D18F92E025B746FC00C1A63B /* CoordinatorPatternAndDepedencyInjectionDemoUITests.xctest */ = {isa = PBXFileReference; explicitFileType = wrapper.cfbundle; includeInIndex = 0; path = CoordinatorPatternAndDepedencyInjectionDemoUITests.xctest; sourceTree = BUILT_PRODUCTS_DIR; };
		D18F92E425B746FC00C1A63B /* CoordinatorPatternAndDepedencyInjectionDemoUITests.swift */ = {isa = PBXFileReference; lastKnownFileType = sourcecode.swift; path = CoordinatorPatternAndDepedencyInjectionDemoUITests.swift; sourceTree = "<group>"; };
		D18F92E625B746FC00C1A63B /* Info.plist */ = {isa = PBXFileReference; lastKnownFileType = text.plist.xml; path = Info.plist; sourceTree = "<group>"; };
		D18F92FA25B7491700C1A63B /* SocialLoginManager.swift */ = {isa = PBXFileReference; lastKnownFileType = sourcecode.swift; path = SocialLoginManager.swift; sourceTree = "<group>"; };
		D18F92FF25B749F600C1A63B /* LoginViewController.swift */ = {isa = PBXFileReference; lastKnownFileType = sourcecode.swift; path = LoginViewController.swift; sourceTree = "<group>"; };
		D18F930725B752AD00C1A63B /* MembershipLoginManager.swift */ = {isa = PBXFileReference; lastKnownFileType = sourcecode.swift; path = MembershipLoginManager.swift; sourceTree = "<group>"; };
		D18F931325B75C9C00C1A63B /* InputUserNameViewController.swift */ = {isa = PBXFileReference; lastKnownFileType = sourcecode.swift; path = InputUserNameViewController.swift; sourceTree = "<group>"; };
		D18F931825B75F1D00C1A63B /* FlowViewController.swift */ = {isa = PBXFileReference; lastKnownFileType = sourcecode.swift; path = FlowViewController.swift; sourceTree = "<group>"; };
		D18F932225B7634300C1A63B /* InputUserAddressViewController.swift */ = {isa = PBXFileReference; lastKnownFileType = sourcecode.swift; path = InputUserAddressViewController.swift; sourceTree = "<group>"; };
		D18F933525B76D5600C1A63B /* VCIdLable.swift */ = {isa = PBXFileReference; lastKnownFileType = sourcecode.swift; path = VCIdLable.swift; sourceTree = "<group>"; };
		D18F934C25B7DA3300C1A63B /* User.swift */ = {isa = PBXFileReference; lastKnownFileType = sourcecode.swift; path = User.swift; sourceTree = "<group>"; };
		D18F935125B7DEF700C1A63B /* ProductViewController.swift */ = {isa = PBXFileReference; lastKnownFileType = sourcecode.swift; path = ProductViewController.swift; sourceTree = "<group>"; };
		D18F935625B7F95000C1A63B /* SwitchVCButton.swift */ = {isa = PBXFileReference; lastKnownFileType = sourcecode.swift; path = SwitchVCButton.swift; sourceTree = "<group>"; };
		D18F936325B80A8700C1A63B /* PinkoiLoginManager.swift */ = {isa = PBXFileReference; lastKnownFileType = sourcecode.swift; path = PinkoiLoginManager.swift; sourceTree = "<group>"; };
		D18F936C25B80B2900C1A63B /* SocialMemberShip.swift */ = {isa = PBXFileReference; lastKnownFileType = sourcecode.swift; path = SocialMemberShip.swift; sourceTree = "<group>"; };
		D18F937125B80B4600C1A63B /* PinkoiMemberShip.swift */ = {isa = PBXFileReference; lastKnownFileType = sourcecode.swift; path = PinkoiMemberShip.swift; sourceTree = "<group>"; };
		D18F937625B80B5800C1A63B /* EmailMemberShip.swift */ = {isa = PBXFileReference; lastKnownFileType = sourcecode.swift; path = EmailMemberShip.swift; sourceTree = "<group>"; };
		D18F937B25B80CAD00C1A63B /* MemebershipTransmitter.swift */ = {isa = PBXFileReference; lastKnownFileType = sourcecode.swift; path = MemebershipTransmitter.swift; sourceTree = "<group>"; };
		D18F938025B80F8B00C1A63B /* ProductVCViewModel.swift */ = {isa = PBXFileReference; lastKnownFileType = sourcecode.swift; path = ProductVCViewModel.swift; sourceTree = "<group>"; };
/* End PBXFileReference section */

/* Begin PBXFrameworksBuildPhase section */
		D18F92BC25B746F900C1A63B /* Frameworks */ = {
			isa = PBXFrameworksBuildPhase;
			buildActionMask = 2147483647;
			files = (
			);
			runOnlyForDeploymentPostprocessing = 0;
		};
		D18F92D225B746FC00C1A63B /* Frameworks */ = {
			isa = PBXFrameworksBuildPhase;
			buildActionMask = 2147483647;
			files = (
			);
			runOnlyForDeploymentPostprocessing = 0;
		};
		D18F92DD25B746FC00C1A63B /* Frameworks */ = {
			isa = PBXFrameworksBuildPhase;
			buildActionMask = 2147483647;
			files = (
			);
			runOnlyForDeploymentPostprocessing = 0;
		};
/* End PBXFrameworksBuildPhase section */

/* Begin PBXGroup section */
		D18F92B625B746F900C1A63B = {
			isa = PBXGroup;
			children = (
				D18F92C125B746F900C1A63B /* CoordinatorPatternAndDepedencyInjectionDemo */,
				D18F92D825B746FC00C1A63B /* CoordinatorPatternAndDepedencyInjectionDemoTests */,
				D18F92E325B746FC00C1A63B /* CoordinatorPatternAndDepedencyInjectionDemoUITests */,
				D18F92C025B746F900C1A63B /* Products */,
			);
			sourceTree = "<group>";
		};
		D18F92C025B746F900C1A63B /* Products */ = {
			isa = PBXGroup;
			children = (
				D18F92BF25B746F900C1A63B /* CoordinatorPatternAndDepedencyInjectionDemo.app */,
				D18F92D525B746FC00C1A63B /* CoordinatorPatternAndDepedencyInjectionDemoTests.xctest */,
				D18F92E025B746FC00C1A63B /* CoordinatorPatternAndDepedencyInjectionDemoUITests.xctest */,
			);
			name = Products;
			sourceTree = "<group>";
		};
		D18F92C125B746F900C1A63B /* CoordinatorPatternAndDepedencyInjectionDemo */ = {
			isa = PBXGroup;
			children = (
				D18F92C225B746F900C1A63B /* AppDelegate.swift */,
				D18F92C425B746F900C1A63B /* SceneDelegate.swift */,
				D18F92C625B746F900C1A63B /* ViewController.swift */,
				D18F936C25B80B2900C1A63B /* SocialMemberShip.swift */,
				D18F937125B80B4600C1A63B /* PinkoiMemberShip.swift */,
				D18F937625B80B5800C1A63B /* EmailMemberShip.swift */,
				D18F937B25B80CAD00C1A63B /* MemebershipTransmitter.swift */,
				D18F936825B80B1B00C1A63B /* User */,
				D18F930F25B75C2E00C1A63B /* LoginManager */,
				D18F933E25B76F9C00C1A63B /* CoordinatorFlowVC */,
				D18F933F25B76FA900C1A63B /* VCs */,
				D18F933A25B76F9400C1A63B /* Utilities */,
				D18F92C825B746F900C1A63B /* Main.storyboard */,
				D18F92CB25B746FC00C1A63B /* Assets.xcassets */,
				D18F92CD25B746FC00C1A63B /* LaunchScreen.storyboard */,
				D18F92D025B746FC00C1A63B /* Info.plist */,
			);
			path = CoordinatorPatternAndDepedencyInjectionDemo;
			sourceTree = "<group>";
		};
		D18F92D825B746FC00C1A63B /* CoordinatorPatternAndDepedencyInjectionDemoTests */ = {
			isa = PBXGroup;
			children = (
				D18F92D925B746FC00C1A63B /* CoordinatorPatternAndDepedencyInjectionDemoTests.swift */,
				D18F92DB25B746FC00C1A63B /* Info.plist */,
			);
			path = CoordinatorPatternAndDepedencyInjectionDemoTests;
			sourceTree = "<group>";
		};
		D18F92E325B746FC00C1A63B /* CoordinatorPatternAndDepedencyInjectionDemoUITests */ = {
			isa = PBXGroup;
			children = (
				D18F92E425B746FC00C1A63B /* CoordinatorPatternAndDepedencyInjectionDemoUITests.swift */,
				D18F92E625B746FC00C1A63B /* Info.plist */,
			);
			path = CoordinatorPatternAndDepedencyInjectionDemoUITests;
			sourceTree = "<group>";
		};
		D18F930F25B75C2E00C1A63B /* LoginManager */ = {
			isa = PBXGroup;
			children = (
				D18F92FA25B7491700C1A63B /* SocialLoginManager.swift */,
				D18F930725B752AD00C1A63B /* MembershipLoginManager.swift */,
				D18F936325B80A8700C1A63B /* PinkoiLoginManager.swift */,
			);
			path = LoginManager;
			sourceTree = "<group>";
		};
		D18F933A25B76F9400C1A63B /* Utilities */ = {
			isa = PBXGroup;
			children = (
				D18F933525B76D5600C1A63B /* VCIdLable.swift */,
				D18F935625B7F95000C1A63B /* SwitchVCButton.swift */,
			);
			path = Utilities;
			sourceTree = "<group>";
		};
		D18F933E25B76F9C00C1A63B /* CoordinatorFlowVC */ = {
			isa = PBXGroup;
			children = (
				D18F931825B75F1D00C1A63B /* FlowViewController.swift */,
			);
			path = CoordinatorFlowVC;
			sourceTree = "<group>";
		};
		D18F933F25B76FA900C1A63B /* VCs */ = {
			isa = PBXGroup;
			children = (
				D18F931325B75C9C00C1A63B /* InputUserNameViewController.swift */,
				D18F932225B7634300C1A63B /* InputUserAddressViewController.swift */,
				D18F92FF25B749F600C1A63B /* LoginViewController.swift */,
				D18F935125B7DEF700C1A63B /* ProductViewController.swift */,
				D18F938025B80F8B00C1A63B /* ProductVCViewModel.swift */,
			);
			path = VCs;
			sourceTree = "<group>";
		};
		D18F936825B80B1B00C1A63B /* User */ = {
			isa = PBXGroup;
			children = (
				D18F934C25B7DA3300C1A63B /* User.swift */,
			);
			path = User;
			sourceTree = "<group>";
		};
/* End PBXGroup section */

/* Begin PBXNativeTarget section */
		D18F92BE25B746F900C1A63B /* CoordinatorPatternAndDepedencyInjectionDemo */ = {
			isa = PBXNativeTarget;
			buildConfigurationList = D18F92E925B746FC00C1A63B /* Build configuration list for PBXNativeTarget "CoordinatorPatternAndDepedencyInjectionDemo" */;
			buildPhases = (
				D18F92BB25B746F900C1A63B /* Sources */,
				D18F92BC25B746F900C1A63B /* Frameworks */,
				D18F92BD25B746F900C1A63B /* Resources */,
			);
			buildRules = (
			);
			dependencies = (
			);
			name = CoordinatorPatternAndDepedencyInjectionDemo;
			productName = CoordinatorPatternAndDepedencyInjectionDemo;
			productReference = D18F92BF25B746F900C1A63B /* CoordinatorPatternAndDepedencyInjectionDemo.app */;
			productType = "com.apple.product-type.application";
		};
		D18F92D425B746FC00C1A63B /* CoordinatorPatternAndDepedencyInjectionDemoTests */ = {
			isa = PBXNativeTarget;
			buildConfigurationList = D18F92EC25B746FC00C1A63B /* Build configuration list for PBXNativeTarget "CoordinatorPatternAndDepedencyInjectionDemoTests" */;
			buildPhases = (
				D18F92D125B746FC00C1A63B /* Sources */,
				D18F92D225B746FC00C1A63B /* Frameworks */,
				D18F92D325B746FC00C1A63B /* Resources */,
			);
			buildRules = (
			);
			dependencies = (
				D18F92D725B746FC00C1A63B /* PBXTargetDependency */,
			);
			name = CoordinatorPatternAndDepedencyInjectionDemoTests;
			productName = CoordinatorPatternAndDepedencyInjectionDemoTests;
			productReference = D18F92D525B746FC00C1A63B /* CoordinatorPatternAndDepedencyInjectionDemoTests.xctest */;
			productType = "com.apple.product-type.bundle.unit-test";
		};
		D18F92DF25B746FC00C1A63B /* CoordinatorPatternAndDepedencyInjectionDemoUITests */ = {
			isa = PBXNativeTarget;
			buildConfigurationList = D18F92EF25B746FC00C1A63B /* Build configuration list for PBXNativeTarget "CoordinatorPatternAndDepedencyInjectionDemoUITests" */;
			buildPhases = (
				D18F92DC25B746FC00C1A63B /* Sources */,
				D18F92DD25B746FC00C1A63B /* Frameworks */,
				D18F92DE25B746FC00C1A63B /* Resources */,
			);
			buildRules = (
			);
			dependencies = (
				D18F92E225B746FC00C1A63B /* PBXTargetDependency */,
			);
			name = CoordinatorPatternAndDepedencyInjectionDemoUITests;
			productName = CoordinatorPatternAndDepedencyInjectionDemoUITests;
			productReference = D18F92E025B746FC00C1A63B /* CoordinatorPatternAndDepedencyInjectionDemoUITests.xctest */;
			productType = "com.apple.product-type.bundle.ui-testing";
		};
/* End PBXNativeTarget section */

/* Begin PBXProject section */
		D18F92B725B746F900C1A63B /* Project object */ = {
			isa = PBXProject;
			attributes = {
				LastSwiftUpdateCheck = 1220;
				LastUpgradeCheck = 1220;
				TargetAttributes = {
					D18F92BE25B746F900C1A63B = {
						CreatedOnToolsVersion = 12.2;
					};
					D18F92D425B746FC00C1A63B = {
						CreatedOnToolsVersion = 12.2;
						TestTargetID = D18F92BE25B746F900C1A63B;
					};
					D18F92DF25B746FC00C1A63B = {
						CreatedOnToolsVersion = 12.2;
						TestTargetID = D18F92BE25B746F900C1A63B;
					};
				};
			};
			buildConfigurationList = D18F92BA25B746F900C1A63B /* Build configuration list for PBXProject "CoordinatorPatternAndDepedencyInjectionDemo" */;
			compatibilityVersion = "Xcode 9.3";
			developmentRegion = en;
			hasScannedForEncodings = 0;
			knownRegions = (
				en,
				Base,
			);
			mainGroup = D18F92B625B746F900C1A63B;
			productRefGroup = D18F92C025B746F900C1A63B /* Products */;
			projectDirPath = "";
			projectRoot = "";
			targets = (
				D18F92BE25B746F900C1A63B /* CoordinatorPatternAndDepedencyInjectionDemo */,
				D18F92D425B746FC00C1A63B /* CoordinatorPatternAndDepedencyInjectionDemoTests */,
				D18F92DF25B746FC00C1A63B /* CoordinatorPatternAndDepedencyInjectionDemoUITests */,
			);
		};
/* End PBXProject section */

/* Begin PBXResourcesBuildPhase section */
		D18F92BD25B746F900C1A63B /* Resources */ = {
			isa = PBXResourcesBuildPhase;
			buildActionMask = 2147483647;
			files = (
				D18F92CF25B746FC00C1A63B /* LaunchScreen.storyboard in Resources */,
				D18F92CC25B746FC00C1A63B /* Assets.xcassets in Resources */,
				D18F92CA25B746F900C1A63B /* Main.storyboard in Resources */,
			);
			runOnlyForDeploymentPostprocessing = 0;
		};
		D18F92D325B746FC00C1A63B /* Resources */ = {
			isa = PBXResourcesBuildPhase;
			buildActionMask = 2147483647;
			files = (
			);
			runOnlyForDeploymentPostprocessing = 0;
		};
		D18F92DE25B746FC00C1A63B /* Resources */ = {
			isa = PBXResourcesBuildPhase;
			buildActionMask = 2147483647;
			files = (
			);
			runOnlyForDeploymentPostprocessing = 0;
		};
/* End PBXResourcesBuildPhase section */

/* Begin PBXSourcesBuildPhase section */
		D18F92BB25B746F900C1A63B /* Sources */ = {
			isa = PBXSourcesBuildPhase;
			buildActionMask = 2147483647;
			files = (
				D18F930025B749F600C1A63B /* LoginViewController.swift in Sources */,
				D18F92FB25B7491700C1A63B /* SocialLoginManager.swift in Sources */,
				D18F935725B7F95000C1A63B /* SwitchVCButton.swift in Sources */,
				D18F932325B7634300C1A63B /* InputUserAddressViewController.swift in Sources */,
				D18F931925B75F1D00C1A63B /* FlowViewController.swift in Sources */,
				D18F937C25B80CAD00C1A63B /* MemebershipTransmitter.swift in Sources */,
				D18F938125B80F8B00C1A63B /* ProductVCViewModel.swift in Sources */,
				D18F92C725B746F900C1A63B /* ViewController.swift in Sources */,
				D18F931425B75C9C00C1A63B /* InputUserNameViewController.swift in Sources */,
				D18F937225B80B4600C1A63B /* PinkoiMemberShip.swift in Sources */,
				D18F935225B7DEF700C1A63B /* ProductViewController.swift in Sources */,
				D18F933625B76D5600C1A63B /* VCIdLable.swift in Sources */,
				D18F92C325B746F900C1A63B /* AppDelegate.swift in Sources */,
				D18F937725B80B5800C1A63B /* EmailMemberShip.swift in Sources */,
				D18F930825B752AD00C1A63B /* MembershipLoginManager.swift in Sources */,
				D18F936425B80A8700C1A63B /* PinkoiLoginManager.swift in Sources */,
				D18F92C525B746F900C1A63B /* SceneDelegate.swift in Sources */,
				D18F936D25B80B2900C1A63B /* SocialMemberShip.swift in Sources */,
				D18F934D25B7DA3300C1A63B /* User.swift in Sources */,
			);
			runOnlyForDeploymentPostprocessing = 0;
		};
		D18F92D125B746FC00C1A63B /* Sources */ = {
			isa = PBXSourcesBuildPhase;
			buildActionMask = 2147483647;
			files = (
				D18F92DA25B746FC00C1A63B /* CoordinatorPatternAndDepedencyInjectionDemoTests.swift in Sources */,
			);
			runOnlyForDeploymentPostprocessing = 0;
		};
		D18F92DC25B746FC00C1A63B /* Sources */ = {
			isa = PBXSourcesBuildPhase;
			buildActionMask = 2147483647;
			files = (
				D18F92E525B746FC00C1A63B /* CoordinatorPatternAndDepedencyInjectionDemoUITests.swift in Sources */,
			);
			runOnlyForDeploymentPostprocessing = 0;
		};
/* End PBXSourcesBuildPhase section */

/* Begin PBXTargetDependency section */
		D18F92D725B746FC00C1A63B /* PBXTargetDependency */ = {
			isa = PBXTargetDependency;
			target = D18F92BE25B746F900C1A63B /* CoordinatorPatternAndDepedencyInjectionDemo */;
			targetProxy = D18F92D625B746FC00C1A63B /* PBXContainerItemProxy */;
		};
		D18F92E225B746FC00C1A63B /* PBXTargetDependency */ = {
			isa = PBXTargetDependency;
			target = D18F92BE25B746F900C1A63B /* CoordinatorPatternAndDepedencyInjectionDemo */;
			targetProxy = D18F92E125B746FC00C1A63B /* PBXContainerItemProxy */;
		};
/* End PBXTargetDependency section */

/* Begin PBXVariantGroup section */
		D18F92C825B746F900C1A63B /* Main.storyboard */ = {
			isa = PBXVariantGroup;
			children = (
				D18F92C925B746F900C1A63B /* Base */,
			);
			name = Main.storyboard;
			sourceTree = "<group>";
		};
		D18F92CD25B746FC00C1A63B /* LaunchScreen.storyboard */ = {
			isa = PBXVariantGroup;
			children = (
				D18F92CE25B746FC00C1A63B /* Base */,
			);
			name = LaunchScreen.storyboard;
			sourceTree = "<group>";
		};
/* End PBXVariantGroup section */

/* Begin XCBuildConfiguration section */
		D18F92E725B746FC00C1A63B /* Debug */ = {
			isa = XCBuildConfiguration;
			buildSettings = {
				ALWAYS_SEARCH_USER_PATHS = NO;
				CLANG_ANALYZER_NONNULL = YES;
				CLANG_ANALYZER_NUMBER_OBJECT_CONVERSION = YES_AGGRESSIVE;
				CLANG_CXX_LANGUAGE_STANDARD = "gnu++14";
				CLANG_CXX_LIBRARY = "libc++";
				CLANG_ENABLE_MODULES = YES;
				CLANG_ENABLE_OBJC_ARC = YES;
				CLANG_ENABLE_OBJC_WEAK = YES;
				CLANG_WARN_BLOCK_CAPTURE_AUTORELEASING = YES;
				CLANG_WARN_BOOL_CONVERSION = YES;
				CLANG_WARN_COMMA = YES;
				CLANG_WARN_CONSTANT_CONVERSION = YES;
				CLANG_WARN_DEPRECATED_OBJC_IMPLEMENTATIONS = YES;
				CLANG_WARN_DIRECT_OBJC_ISA_USAGE = YES_ERROR;
				CLANG_WARN_DOCUMENTATION_COMMENTS = YES;
				CLANG_WARN_EMPTY_BODY = YES;
				CLANG_WARN_ENUM_CONVERSION = YES;
				CLANG_WARN_INFINITE_RECURSION = YES;
				CLANG_WARN_INT_CONVERSION = YES;
				CLANG_WARN_NON_LITERAL_NULL_CONVERSION = YES;
				CLANG_WARN_OBJC_IMPLICIT_RETAIN_SELF = YES;
				CLANG_WARN_OBJC_LITERAL_CONVERSION = YES;
				CLANG_WARN_OBJC_ROOT_CLASS = YES_ERROR;
				CLANG_WARN_QUOTED_INCLUDE_IN_FRAMEWORK_HEADER = YES;
				CLANG_WARN_RANGE_LOOP_ANALYSIS = YES;
				CLANG_WARN_STRICT_PROTOTYPES = YES;
				CLANG_WARN_SUSPICIOUS_MOVE = YES;
				CLANG_WARN_UNGUARDED_AVAILABILITY = YES_AGGRESSIVE;
				CLANG_WARN_UNREACHABLE_CODE = YES;
				CLANG_WARN__DUPLICATE_METHOD_MATCH = YES;
				COPY_PHASE_STRIP = NO;
				DEBUG_INFORMATION_FORMAT = dwarf;
				ENABLE_STRICT_OBJC_MSGSEND = YES;
				ENABLE_TESTABILITY = YES;
				GCC_C_LANGUAGE_STANDARD = gnu11;
				GCC_DYNAMIC_NO_PIC = NO;
				GCC_NO_COMMON_BLOCKS = YES;
				GCC_OPTIMIZATION_LEVEL = 0;
				GCC_PREPROCESSOR_DEFINITIONS = (
					"DEBUG=1",
					"$(inherited)",
				);
				GCC_WARN_64_TO_32_BIT_CONVERSION = YES;
				GCC_WARN_ABOUT_RETURN_TYPE = YES_ERROR;
				GCC_WARN_UNDECLARED_SELECTOR = YES;
				GCC_WARN_UNINITIALIZED_AUTOS = YES_AGGRESSIVE;
				GCC_WARN_UNUSED_FUNCTION = YES;
				GCC_WARN_UNUSED_VARIABLE = YES;
				IPHONEOS_DEPLOYMENT_TARGET = 14.2;
				MTL_ENABLE_DEBUG_INFO = INCLUDE_SOURCE;
				MTL_FAST_MATH = YES;
				ONLY_ACTIVE_ARCH = YES;
				SDKROOT = iphoneos;
				SWIFT_ACTIVE_COMPILATION_CONDITIONS = DEBUG;
				SWIFT_OPTIMIZATION_LEVEL = "-Onone";
			};
			name = Debug;
		};
		D18F92E825B746FC00C1A63B /* Release */ = {
			isa = XCBuildConfiguration;
			buildSettings = {
				ALWAYS_SEARCH_USER_PATHS = NO;
				CLANG_ANALYZER_NONNULL = YES;
				CLANG_ANALYZER_NUMBER_OBJECT_CONVERSION = YES_AGGRESSIVE;
				CLANG_CXX_LANGUAGE_STANDARD = "gnu++14";
				CLANG_CXX_LIBRARY = "libc++";
				CLANG_ENABLE_MODULES = YES;
				CLANG_ENABLE_OBJC_ARC = YES;
				CLANG_ENABLE_OBJC_WEAK = YES;
				CLANG_WARN_BLOCK_CAPTURE_AUTORELEASING = YES;
				CLANG_WARN_BOOL_CONVERSION = YES;
				CLANG_WARN_COMMA = YES;
				CLANG_WARN_CONSTANT_CONVERSION = YES;
				CLANG_WARN_DEPRECATED_OBJC_IMPLEMENTATIONS = YES;
				CLANG_WARN_DIRECT_OBJC_ISA_USAGE = YES_ERROR;
				CLANG_WARN_DOCUMENTATION_COMMENTS = YES;
				CLANG_WARN_EMPTY_BODY = YES;
				CLANG_WARN_ENUM_CONVERSION = YES;
				CLANG_WARN_INFINITE_RECURSION = YES;
				CLANG_WARN_INT_CONVERSION = YES;
				CLANG_WARN_NON_LITERAL_NULL_CONVERSION = YES;
				CLANG_WARN_OBJC_IMPLICIT_RETAIN_SELF = YES;
				CLANG_WARN_OBJC_LITERAL_CONVERSION = YES;
				CLANG_WARN_OBJC_ROOT_CLASS = YES_ERROR;
				CLANG_WARN_QUOTED_INCLUDE_IN_FRAMEWORK_HEADER = YES;
				CLANG_WARN_RANGE_LOOP_ANALYSIS = YES;
				CLANG_WARN_STRICT_PROTOTYPES = YES;
				CLANG_WARN_SUSPICIOUS_MOVE = YES;
				CLANG_WARN_UNGUARDED_AVAILABILITY = YES_AGGRESSIVE;
				CLANG_WARN_UNREACHABLE_CODE = YES;
				CLANG_WARN__DUPLICATE_METHOD_MATCH = YES;
				COPY_PHASE_STRIP = NO;
				DEBUG_INFORMATION_FORMAT = "dwarf-with-dsym";
				ENABLE_NS_ASSERTIONS = NO;
				ENABLE_STRICT_OBJC_MSGSEND = YES;
				GCC_C_LANGUAGE_STANDARD = gnu11;
				GCC_NO_COMMON_BLOCKS = YES;
				GCC_WARN_64_TO_32_BIT_CONVERSION = YES;
				GCC_WARN_ABOUT_RETURN_TYPE = YES_ERROR;
				GCC_WARN_UNDECLARED_SELECTOR = YES;
				GCC_WARN_UNINITIALIZED_AUTOS = YES_AGGRESSIVE;
				GCC_WARN_UNUSED_FUNCTION = YES;
				GCC_WARN_UNUSED_VARIABLE = YES;
				IPHONEOS_DEPLOYMENT_TARGET = 14.2;
				MTL_ENABLE_DEBUG_INFO = NO;
				MTL_FAST_MATH = YES;
				SDKROOT = iphoneos;
				SWIFT_COMPILATION_MODE = wholemodule;
				SWIFT_OPTIMIZATION_LEVEL = "-O";
				VALIDATE_PRODUCT = YES;
			};
			name = Release;
		};
		D18F92EA25B746FC00C1A63B /* Debug */ = {
			isa = XCBuildConfiguration;
			buildSettings = {
				ASSETCATALOG_COMPILER_APPICON_NAME = AppIcon;
				ASSETCATALOG_COMPILER_GLOBAL_ACCENT_COLOR_NAME = AccentColor;
				CODE_SIGN_STYLE = Automatic;
				DEVELOPMENT_TEAM = WAGW44Z6JC;
				INFOPLIST_FILE = CoordinatorPatternAndDepedencyInjectionDemo/Info.plist;
				LD_RUNPATH_SEARCH_PATHS = (
					"$(inherited)",
					"@executable_path/Frameworks",
				);
				PRODUCT_BUNDLE_IDENTIFIER = CoolApp.CoordinatorPatternAndDepedencyInjectionDemo;
				PRODUCT_NAME = "$(TARGET_NAME)";
				SWIFT_VERSION = 5.0;
				TARGETED_DEVICE_FAMILY = "1,2";
			};
			name = Debug;
		};
		D18F92EB25B746FC00C1A63B /* Release */ = {
			isa = XCBuildConfiguration;
			buildSettings = {
				ASSETCATALOG_COMPILER_APPICON_NAME = AppIcon;
				ASSETCATALOG_COMPILER_GLOBAL_ACCENT_COLOR_NAME = AccentColor;
				CODE_SIGN_STYLE = Automatic;
				DEVELOPMENT_TEAM = WAGW44Z6JC;
				INFOPLIST_FILE = CoordinatorPatternAndDepedencyInjectionDemo/Info.plist;
				LD_RUNPATH_SEARCH_PATHS = (
					"$(inherited)",
					"@executable_path/Frameworks",
				);
				PRODUCT_BUNDLE_IDENTIFIER = CoolApp.CoordinatorPatternAndDepedencyInjectionDemo;
				PRODUCT_NAME = "$(TARGET_NAME)";
				SWIFT_VERSION = 5.0;
				TARGETED_DEVICE_FAMILY = "1,2";
			};
			name = Release;
		};
		D18F92ED25B746FC00C1A63B /* Debug */ = {
			isa = XCBuildConfiguration;
			buildSettings = {
				ALWAYS_EMBED_SWIFT_STANDARD_LIBRARIES = YES;
				BUNDLE_LOADER = "$(TEST_HOST)";
				CODE_SIGN_STYLE = Automatic;
				DEVELOPMENT_TEAM = WAGW44Z6JC;
				INFOPLIST_FILE = CoordinatorPatternAndDepedencyInjectionDemoTests/Info.plist;
				IPHONEOS_DEPLOYMENT_TARGET = 14.2;
				LD_RUNPATH_SEARCH_PATHS = (
					"$(inherited)",
					"@executable_path/Frameworks",
					"@loader_path/Frameworks",
				);
				PRODUCT_BUNDLE_IDENTIFIER = CoolApp.CoordinatorPatternAndDepedencyInjectionDemoTests;
				PRODUCT_NAME = "$(TARGET_NAME)";
				SWIFT_VERSION = 5.0;
				TARGETED_DEVICE_FAMILY = "1,2";
				TEST_HOST = "$(BUILT_PRODUCTS_DIR)/CoordinatorPatternAndDepedencyInjectionDemo.app/CoordinatorPatternAndDepedencyInjectionDemo";
			};
			name = Debug;
		};
		D18F92EE25B746FC00C1A63B /* Release */ = {
			isa = XCBuildConfiguration;
			buildSettings = {
				ALWAYS_EMBED_SWIFT_STANDARD_LIBRARIES = YES;
				BUNDLE_LOADER = "$(TEST_HOST)";
				CODE_SIGN_STYLE = Automatic;
				DEVELOPMENT_TEAM = WAGW44Z6JC;
				INFOPLIST_FILE = CoordinatorPatternAndDepedencyInjectionDemoTests/Info.plist;
				IPHONEOS_DEPLOYMENT_TARGET = 14.2;
				LD_RUNPATH_SEARCH_PATHS = (
					"$(inherited)",
					"@executable_path/Frameworks",
					"@loader_path/Frameworks",
				);
				PRODUCT_BUNDLE_IDENTIFIER = CoolApp.CoordinatorPatternAndDepedencyInjectionDemoTests;
				PRODUCT_NAME = "$(TARGET_NAME)";
				SWIFT_VERSION = 5.0;
				TARGETED_DEVICE_FAMILY = "1,2";
				TEST_HOST = "$(BUILT_PRODUCTS_DIR)/CoordinatorPatternAndDepedencyInjectionDemo.app/CoordinatorPatternAndDepedencyInjectionDemo";
			};
			name = Release;
		};
		D18F92F025B746FC00C1A63B /* Debug */ = {
			isa = XCBuildConfiguration;
			buildSettings = {
				ALWAYS_EMBED_SWIFT_STANDARD_LIBRARIES = YES;
				CODE_SIGN_STYLE = Automatic;
				DEVELOPMENT_TEAM = WAGW44Z6JC;
				INFOPLIST_FILE = CoordinatorPatternAndDepedencyInjectionDemoUITests/Info.plist;
				LD_RUNPATH_SEARCH_PATHS = (
					"$(inherited)",
					"@executable_path/Frameworks",
					"@loader_path/Frameworks",
				);
				PRODUCT_BUNDLE_IDENTIFIER = CoolApp.CoordinatorPatternAndDepedencyInjectionDemoUITests;
				PRODUCT_NAME = "$(TARGET_NAME)";
				SWIFT_VERSION = 5.0;
				TARGETED_DEVICE_FAMILY = "1,2";
				TEST_TARGET_NAME = CoordinatorPatternAndDepedencyInjectionDemo;
			};
			name = Debug;
		};
		D18F92F125B746FC00C1A63B /* Release */ = {
			isa = XCBuildConfiguration;
			buildSettings = {
				ALWAYS_EMBED_SWIFT_STANDARD_LIBRARIES = YES;
				CODE_SIGN_STYLE = Automatic;
				DEVELOPMENT_TEAM = WAGW44Z6JC;
				INFOPLIST_FILE = CoordinatorPatternAndDepedencyInjectionDemoUITests/Info.plist;
				LD_RUNPATH_SEARCH_PATHS = (
					"$(inherited)",
					"@executable_path/Frameworks",
					"@loader_path/Frameworks",
				);
				PRODUCT_BUNDLE_IDENTIFIER = CoolApp.CoordinatorPatternAndDepedencyInjectionDemoUITests;
				PRODUCT_NAME = "$(TARGET_NAME)";
				SWIFT_VERSION = 5.0;
				TARGETED_DEVICE_FAMILY = "1,2";
				TEST_TARGET_NAME = CoordinatorPatternAndDepedencyInjectionDemo;
			};
			name = Release;
		};
/* End XCBuildConfiguration section */

/* Begin XCConfigurationList section */
		D18F92BA25B746F900C1A63B /* Build configuration list for PBXProject "CoordinatorPatternAndDepedencyInjectionDemo" */ = {
			isa = XCConfigurationList;
			buildConfigurations = (
				D18F92E725B746FC00C1A63B /* Debug */,
				D18F92E825B746FC00C1A63B /* Release */,
			);
			defaultConfigurationIsVisible = 0;
			defaultConfigurationName = Release;
		};
		D18F92E925B746FC00C1A63B /* Build configuration list for PBXNativeTarget "CoordinatorPatternAndDepedencyInjectionDemo" */ = {
			isa = XCConfigurationList;
			buildConfigurations = (
				D18F92EA25B746FC00C1A63B /* Debug */,
				D18F92EB25B746FC00C1A63B /* Release */,
			);
			defaultConfigurationIsVisible = 0;
			defaultConfigurationName = Release;
		};
		D18F92EC25B746FC00C1A63B /* Build configuration list for PBXNativeTarget "CoordinatorPatternAndDepedencyInjectionDemoTests" */ = {
			isa = XCConfigurationList;
			buildConfigurations = (
				D18F92ED25B746FC00C1A63B /* Debug */,
				D18F92EE25B746FC00C1A63B /* Release */,
			);
			defaultConfigurationIsVisible = 0;
			defaultConfigurationName = Release;
		};
		D18F92EF25B746FC00C1A63B /* Build configuration list for PBXNativeTarget "CoordinatorPatternAndDepedencyInjectionDemoUITests" */ = {
			isa = XCConfigurationList;
			buildConfigurations = (
				D18F92F025B746FC00C1A63B /* Debug */,
				D18F92F125B746FC00C1A63B /* Release */,
			);
			defaultConfigurationIsVisible = 0;
			defaultConfigurationName = Release;
		};
/* End XCConfigurationList section */
	};
	rootObject = D18F92B725B746F900C1A63B /* Project object */;
}
